{
  "name": "test",
  "version": "1.0.0",
  "lockfileVersion": 3,
  "requires": true,
  "packages": {
    "": {
      "name": "test",
      "version": "1.0.0",
      "license": "ISC",
      "dependencies": {
        "scalercalc0": "^1.0.0"
      }
    },
    "node_modules/scalercalc0": {
      "version": "1.0.0",
      "resolved": "https://registry.npmjs.org/scalercalc0/-/scalercalc0-1.0.0.tgz",
      "integrity": "sha512-t0IXbvF9C5qgmGPQaIGFuneg0b0IVMIQmWW97WJHTvMRCLSdE72jCRctTH/X+/gbcw8+wHWDu5ONixc4dxGWXw=="
    }
  }
}
